
Microsoft Visual Studio Solution File, Format Version 12.00
# Visual Studio Version 17
VisualStudioVersion = 17.7.34018.315
MinimumVisualStudioVersion = 10.0.40219.1
Project("{9A19103F-16F7-4668-BE54-9A1E7A4F7556}") = "Intrinsic.WebApi.ExampleApp", "Intrinsic.WebApi.ExampleApp\Intrinsic.WebApi.ExampleApp.csproj", "{CBFF015E-48C8-46B2-8C9C-3FB9B4AC0C11}"
EndProject
Project("{9A19103F-16F7-4668-BE54-9A1E7A4F7556}") = "Intrinsic.WebApi.ExampleApp.DAL", "Intrinsic.WebApi.ExampleApp.DAL\Intrinsic.WebApi.ExampleApp.DAL.csproj", "{5A28B0DB-2C83-468D-AB6A-2D480728C7D8}"
EndProject
Project("{2150E333-8FDC-42A3-9474-1A3956D46DE8}") = "Solution Items", "Solution Items", "{43F8091E-3DD9-4177-9E2F-52F823D4EF1D}"
	ProjectSection(SolutionItems) = preProject
		Notes\Notes.md = Notes\Notes.md
	EndProjectSection
EndProject
Project("{9A19103F-16F7-4668-BE54-9A1E7A4F7556}") = "Intrinsic.WebApi.ExampleApp.Website", "Intrinsic.WebApi.ExampleApp.Website\Intrinsic.WebApi.ExampleApp.Website.csproj", "{C7E8BA42-A40B-4ED5-BDBA-1875E15CD68C}"
EndProject
Project("{9A19103F-16F7-4668-BE54-9A1E7A4F7556}") = "Intrinsic.WebApi.ExampleApp.Tests", "Intrinsic.WebApi.ExampleApp.Tests\Intrinsic.WebApi.ExampleApp.Tests.csproj", "{03CE7E71-915A-48E6-AAC2-56DAEB0AFAE5}"
EndProject
Project("{2150E333-8FDC-42A3-9474-1A3956D46DE8}") = "SocketProgramming", "SocketProgramming", "{17E252BD-52E9-4880-B1AD-6E43A5EA3E53}"
EndProject
Project("{9A19103F-16F7-4668-BE54-9A1E7A4F7556}") = "Intrinsic.Sockets.Server", "Intrinsic.Sockets.Server\Intrinsic.Sockets.Server.csproj", "{E2DCDE4D-7CE0-4419-B709-23BBC1671511}"
EndProject
Project("{9A19103F-16F7-4668-BE54-9A1E7A4F7556}") = "Intrinsic.Sockets.Client", "Intrinsic.Sockets.Client\Intrinsic.Sockets.Client.csproj", "{DDC5A27F-A42E-4569-A8C5-BCF567828F48}"
EndProject
Project("{9A19103F-16F7-4668-BE54-9A1E7A4F7556}") = "Intrinsic.Sockets.ConsoleApp", "Intrinsic.Sockets.ConsoleApp\Intrinsic.Sockets.ConsoleApp.csproj", "{966EDA56-8BC8-48DF-B0E1-4F2D1B3DCF67}"
EndProject
Project("{9A19103F-16F7-4668-BE54-9A1E7A4F7556}") = "Intrinsic.Utils", "Intrinsic.Utis\Intrinsic.Utils.csproj", "{826FE95B-45BA-46DA-8FD2-11F54A016186}"
EndProject
Global
	GlobalSection(SolutionConfigurationPlatforms) = preSolution
		Debug|Any CPU = Debug|Any CPU
		Release|Any CPU = Release|Any CPU
	EndGlobalSection
	GlobalSection(ProjectConfigurationPlatforms) = postSolution
		{CBFF015E-48C8-46B2-8C9C-3FB9B4AC0C11}.Debug|Any CPU.ActiveCfg = Debug|Any CPU
		{CBFF015E-48C8-46B2-8C9C-3FB9B4AC0C11}.Debug|Any CPU.Build.0 = Debug|Any CPU
		{CBFF015E-48C8-46B2-8C9C-3FB9B4AC0C11}.Release|Any CPU.ActiveCfg = Release|Any CPU
		{CBFF015E-48C8-46B2-8C9C-3FB9B4AC0C11}.Release|Any CPU.Build.0 = Release|Any CPU
		{5A28B0DB-2C83-468D-AB6A-2D480728C7D8}.Debug|Any CPU.ActiveCfg = Debug|Any CPU
		{5A28B0DB-2C83-468D-AB6A-2D480728C7D8}.Debug|Any CPU.Build.0 = Debug|Any CPU
		{5A28B0DB-2C83-468D-AB6A-2D480728C7D8}.Release|Any CPU.ActiveCfg = Release|Any CPU
		{5A28B0DB-2C83-468D-AB6A-2D480728C7D8}.Release|Any CPU.Build.0 = Release|Any CPU
		{C7E8BA42-A40B-4ED5-BDBA-1875E15CD68C}.Debug|Any CPU.ActiveCfg = Debug|Any CPU
		{C7E8BA42-A40B-4ED5-BDBA-1875E15CD68C}.Debug|Any CPU.Build.0 = Debug|Any CPU
		{C7E8BA42-A40B-4ED5-BDBA-1875E15CD68C}.Release|Any CPU.ActiveCfg = Release|Any CPU
		{C7E8BA42-A40B-4ED5-BDBA-1875E15CD68C}.Release|Any CPU.Build.0 = Release|Any CPU
		{03CE7E71-915A-48E6-AAC2-56DAEB0AFAE5}.Debug|Any CPU.ActiveCfg = Debug|Any CPU
		{03CE7E71-915A-48E6-AAC2-56DAEB0AFAE5}.Debug|Any CPU.Build.0 = Debug|Any CPU
		{03CE7E71-915A-48E6-AAC2-56DAEB0AFAE5}.Release|Any CPU.ActiveCfg = Release|Any CPU
		{03CE7E71-915A-48E6-AAC2-56DAEB0AFAE5}.Release|Any CPU.Build.0 = Release|Any CPU
		{E2DCDE4D-7CE0-4419-B709-23BBC1671511}.Debug|Any CPU.ActiveCfg = Debug|Any CPU
		{E2DCDE4D-7CE0-4419-B709-23BBC1671511}.Debug|Any CPU.Build.0 = Debug|Any CPU
		{E2DCDE4D-7CE0-4419-B709-23BBC1671511}.Release|Any CPU.ActiveCfg = Release|Any CPU
		{E2DCDE4D-7CE0-4419-B709-23BBC1671511}.Release|Any CPU.Build.0 = Release|Any CPU
		{DDC5A27F-A42E-4569-A8C5-BCF567828F48}.Debug|Any CPU.ActiveCfg = Debug|Any CPU
		{DDC5A27F-A42E-4569-A8C5-BCF567828F48}.Debug|Any CPU.Build.0 = Debug|Any CPU
		{DDC5A27F-A42E-4569-A8C5-BCF567828F48}.Release|Any CPU.ActiveCfg = Release|Any CPU
		{DDC5A27F-A42E-4569-A8C5-BCF567828F48}.Release|Any CPU.Build.0 = Release|Any CPU
		{966EDA56-8BC8-48DF-B0E1-4F2D1B3DCF67}.Debug|Any CPU.ActiveCfg = Debug|Any CPU
		{966EDA56-8BC8-48DF-B0E1-4F2D1B3DCF67}.Debug|Any CPU.Build.0 = Debug|Any CPU
		{966EDA56-8BC8-48DF-B0E1-4F2D1B3DCF67}.Release|Any CPU.ActiveCfg = Release|Any CPU
		{966EDA56-8BC8-48DF-B0E1-4F2D1B3DCF67}.Release|Any CPU.Build.0 = Release|Any CPU
		{826FE95B-45BA-46DA-8FD2-11F54A016186}.Debug|Any CPU.ActiveCfg = Debug|Any CPU
		{826FE95B-45BA-46DA-8FD2-11F54A016186}.Debug|Any CPU.Build.0 = Debug|Any CPU
		{826FE95B-45BA-46DA-8FD2-11F54A016186}.Release|Any CPU.ActiveCfg = Release|Any CPU
		{826FE95B-45BA-46DA-8FD2-11F54A016186}.Release|Any CPU.Build.0 = Release|Any CPU
	EndGlobalSection
	GlobalSection(SolutionProperties) = preSolution
		HideSolutionNode = FALSE
	EndGlobalSection
	GlobalSection(NestedProjects) = preSolution
		{E2DCDE4D-7CE0-4419-B709-23BBC1671511} = {17E252BD-52E9-4880-B1AD-6E43A5EA3E53}
		{DDC5A27F-A42E-4569-A8C5-BCF567828F48} = {17E252BD-52E9-4880-B1AD-6E43A5EA3E53}
		{966EDA56-8BC8-48DF-B0E1-4F2D1B3DCF67} = {17E252BD-52E9-4880-B1AD-6E43A5EA3E53}
	EndGlobalSection
	GlobalSection(ExtensibilityGlobals) = postSolution
		SolutionGuid = {32BAC638-4275-4BF2-82FB-3F2782797705}
	EndGlobalSection
EndGlobal
