
Microsoft Visual Studio Solution File, Format Version 12.00
# Visual Studio Version 17
VisualStudioVersion = 17.7.34018.315
MinimumVisualStudioVersion = 10.0.40219.1
Project("{9A19103F-16F7-4668-BE54-9A1E7A4F7556}") = "Intrinsic.WebApi.ExampleApp", "Intrinsic.WebApi.ExampleApp\Intrinsic.WebApi.ExampleApp.csproj", "{CBFF015E-48C8-46B2-8C9C-3FB9B4AC0C11}"
EndProject
Project("{9A19103F-16F7-4668-BE54-9A1E7A4F7556}") = "Intrinsic.WebApi.ExampleApp.DAL", "Intrinsic.WebApi.ExampleApp.DAL\Intrinsic.WebApi.ExampleApp.DAL.csproj", "{5A28B0DB-2C83-468D-AB6A-2D480728C7D8}"
EndProject
Project("{2150E333-8FDC-42A3-9474-1A3956D46DE8}") = "Solution Items", "Solution Items", "{43F8091E-3DD9-4177-9E2F-52F823D4EF1D}"
	ProjectSection(SolutionItems) = preProject
		Notes\Notes.md = Notes\Notes.md
	EndProjectSection
EndProject
Global
	GlobalSection(SolutionConfigurationPlatforms) = preSolution
		Debug|Any CPU = Debug|Any CPU
		Release|Any CPU = Release|Any CPU
	EndGlobalSection
	GlobalSection(ProjectConfigurationPlatforms) = postSolution
		{CBFF015E-48C8-46B2-8C9C-3FB9B4AC0C11}.Debug|Any CPU.ActiveCfg = Debug|Any CPU
		{CBFF015E-48C8-46B2-8C9C-3FB9B4AC0C11}.Debug|Any CPU.Build.0 = Debug|Any CPU
		{CBFF015E-48C8-46B2-8C9C-3FB9B4AC0C11}.Release|Any CPU.ActiveCfg = Release|Any CPU
		{CBFF015E-48C8-46B2-8C9C-3FB9B4AC0C11}.Release|Any CPU.Build.0 = Release|Any CPU
		{5A28B0DB-2C83-468D-AB6A-2D480728C7D8}.Debug|Any CPU.ActiveCfg = Debug|Any CPU
		{5A28B0DB-2C83-468D-AB6A-2D480728C7D8}.Debug|Any CPU.Build.0 = Debug|Any CPU
		{5A28B0DB-2C83-468D-AB6A-2D480728C7D8}.Release|Any CPU.ActiveCfg = Release|Any CPU
		{5A28B0DB-2C83-468D-AB6A-2D480728C7D8}.Release|Any CPU.Build.0 = Release|Any CPU
	EndGlobalSection
	GlobalSection(SolutionProperties) = preSolution
		HideSolutionNode = FALSE
	EndGlobalSection
	GlobalSection(ExtensibilityGlobals) = postSolution
		SolutionGuid = {32BAC638-4275-4BF2-82FB-3F2782797705}
	EndGlobalSection
EndGlobal
